
Microsoft Visual Studio Solution File, Format Version 12.00
# Visual Studio Version 16
VisualStudioVersion = 16.0.31112.23
MinimumVisualStudioVersion = 10.0.40219.1
Project("{FAE04EC0-301F-11D3-BF4B-00C04F79EFBC}") = "Flight Inspection App", "Flight Inspection App\Flight Inspection App.csproj", "{A1AE4655-7F8C-4A71-AEF6-EF3DD1E9C099}"
EndProject
Global
	GlobalSection(SolutionConfigurationPlatforms) = preSolution
		Debug|Any CPU = Debug|Any CPU
		Release|Any CPU = Release|Any CPU
	EndGlobalSection
	GlobalSection(ProjectConfigurationPlatforms) = postSolution
		{A1AE4655-7F8C-4A71-AEF6-EF3DD1E9C099}.Debug|Any CPU.ActiveCfg = Debug|Any CPU
		{A1AE4655-7F8C-4A71-AEF6-EF3DD1E9C099}.Debug|Any CPU.Build.0 = Debug|Any CPU
		{A1AE4655-7F8C-4A71-AEF6-EF3DD1E9C099}.Release|Any CPU.ActiveCfg = Release|Any CPU
		{A1AE4655-7F8C-4A71-AEF6-EF3DD1E9C099}.Release|Any CPU.Build.0 = Release|Any CPU
	EndGlobalSection
	GlobalSection(SolutionProperties) = preSolution
		HideSolutionNode = FALSE
	EndGlobalSection
	GlobalSection(ExtensibilityGlobals) = postSolution
		SolutionGuid = {550F4B08-1253-4216-985E-68EEFDE357DC}
	EndGlobalSection
EndGlobal
